
Microsoft Visual Studio Solution File, Format Version 12.00
# Visual Studio Version 17
VisualStudioVersion = 17.8.34330.188
MinimumVisualStudioVersion = 10.0.40219.1
Project("{8BC9CEB8-8B4A-11D0-8D11-00A0C91BC942}") = "000_CPPStart", "000_CPPStart\000_CPPStart.vcxproj", "{AB794E3A-1821-40DB-B552-29C2EF9CC18C}"
EndProject
Project("{8BC9CEB8-8B4A-11D0-8D11-00A0C91BC942}") = "001_Compile", "001_Compile\001_Compile.vcxproj", "{7DC561A5-FBB8-4800-A61D-35B87DDC2570}"
EndProject
Project("{8BC9CEB8-8B4A-11D0-8D11-00A0C91BC942}") = "002_MainFunction", "002_MainFunction\002_MainFunction.vcxproj", "{0C36A975-3847-4FA1-BF62-7D07F61A8B0C}"
EndProject
Project("{8BC9CEB8-8B4A-11D0-8D11-00A0C91BC942}") = "004_Memory", "004_Memory\004_Memory.vcxproj", "{BC3D7877-0745-493F-BA64-2A1FBF7D5B8E}"
EndProject
Project("{8BC9CEB8-8B4A-11D0-8D11-00A0C91BC942}") = "004_Function", "004_Function\004_Function.vcxproj", "{F4306A7C-B37E-4D10-81D9-CEDD73BDE405}"
EndProject
Project("{8BC9CEB8-8B4A-11D0-8D11-00A0C91BC942}") = "005_Var", "005_Var\005_Var.vcxproj", "{21C7B76E-69AC-4059-AF6B-AB94803D1408}"
EndProject
Project("{8BC9CEB8-8B4A-11D0-8D11-00A0C91BC942}") = "006_VarToMemory", "006_VarToMemory\006_VarToMemory.vcxproj", "{90990215-5039-417F-BB2E-D7D9F9DD519F}"
EndProject
Project("{8BC9CEB8-8B4A-11D0-8D11-00A0C91BC942}") = "007_GlobalVar", "007_GlobalVar\007_GlobalVar.vcxproj", "{E6A42786-CAC4-4CF5-884E-7768D72E9C64}"
EndProject
Project("{8BC9CEB8-8B4A-11D0-8D11-00A0C91BC942}") = "008_Operator", "008_Operator\008_Operator.vcxproj", "{973A4F17-7EF9-4A5C-A2AA-FE2F9848CE72}"
EndProject
Project("{8BC9CEB8-8B4A-11D0-8D11-00A0C91BC942}") = "Homework", "Homework\Homework.vcxproj", "{8320D0C0-3C89-4018-B08C-27B4C27D3DFD}"
EndProject
Project("{2150E333-8FDC-42A3-9474-1A3956D46DE8}") = "Test", "Test", "{0B6CC547-54AA-4198-80FC-7159616C00D3}"
EndProject
Project("{8BC9CEB8-8B4A-11D0-8D11-00A0C91BC942}") = "009_FunctionEx", "009_FunctionEx\009_FunctionEx.vcxproj", "{62F8670D-174F-4356-8139-0590AA1DFB72}"
EndProject
Project("{8BC9CEB8-8B4A-11D0-8D11-00A0C91BC942}") = "010_Pointer", "010_Pointer\010_Pointer.vcxproj", "{2EA46987-A5CA-4A60-BD7D-70908929E0AE}"
EndProject
Project("{8BC9CEB8-8B4A-11D0-8D11-00A0C91BC942}") = "011_Casting", "011_Casting\011_Casting.vcxproj", "{A4E61933-E357-4CD4-B3CF-9B3CF4DD1B46}"
EndProject
Project("{8BC9CEB8-8B4A-11D0-8D11-00A0C91BC942}") = "012_PointerOperator", "012_PointerOperator\012_PointerOperator.vcxproj", "{3F0CA38C-320E-4087-89F5-D0BE9454CFF2}"
EndProject
Project("{8BC9CEB8-8B4A-11D0-8D11-00A0C91BC942}") = "HomeWork2", "HomeWork2\HomeWork2.vcxproj", "{E8BAF138-D2FD-4A34-AEAD-CEAA5B673064}"
EndProject
Project("{8BC9CEB8-8B4A-11D0-8D11-00A0C91BC942}") = "PointerMinusOperator", "PointerMinusOperator\PointerMinusOperator.vcxproj", "{AB0CD4FF-C3FD-4349-9CF3-35F113717E94}"
EndProject
Project("{8BC9CEB8-8B4A-11D0-8D11-00A0C91BC942}") = "012_If", "012_If\012_If.vcxproj", "{43818C9B-704B-4141-8FB9-30ADD18BDD5F}"
EndProject
Project("{8BC9CEB8-8B4A-11D0-8D11-00A0C91BC942}") = "019_While", "019_While\019_While.vcxproj", "{DF4FAA32-2CB5-4FD8-856A-3B8A773383E1}"
EndProject
Project("{2150E333-8FDC-42A3-9474-1A3956D46DE8}") = "DOC", "DOC", "{D2FA61DD-5798-4C06-AB24-7EC6B8ADE686}"
	ProjectSection(SolutionItems) = preProject
		프로그램 코딩의 명심할점.txt = 프로그램 코딩의 명심할점.txt
	EndProjectSection
EndProject
Project("{8BC9CEB8-8B4A-11D0-8D11-00A0C91BC942}") = "020_For", "020_For\020_For.vcxproj", "{CEC12275-9768-4798-8893-EE3BEF460B66}"
EndProject
Project("{8BC9CEB8-8B4A-11D0-8D11-00A0C91BC942}") = "021_OperatorEx", "OperatorEx\OperatorEx.vcxproj", "{ED132AF5-B3A4-4494-BA93-38D3EEC37D55}"
EndProject
Project("{8BC9CEB8-8B4A-11D0-8D11-00A0C91BC942}") = "String", "String\String.vcxproj", "{2BABAAF4-A4A3-4948-857A-97D814A9DA17}"
EndProject
Project("{8BC9CEB8-8B4A-11D0-8D11-00A0C91BC942}") = "023_ContinueBreak", "023_ContinueBreak\023_ContinueBreak.vcxproj", "{CAF871F3-7DCE-429E-B8B9-D9D6959CFEE7}"
EndProject
Project("{8BC9CEB8-8B4A-11D0-8D11-00A0C91BC942}") = "024_CallingConvention", "024_CallingConvention\024_CallingConvention.vcxproj", "{CEECE105-BBCD-49AD-BC78-0B2FC08666EA}"
EndProject
Project("{8BC9CEB8-8B4A-11D0-8D11-00A0C91BC942}") = "StringToNumber", "StringToNumber\StringToNumber.vcxproj", "{535BDD93-51AE-487B-9DE4-D614AF311D1E}"
EndProject
Project("{8BC9CEB8-8B4A-11D0-8D11-00A0C91BC942}") = "028_VariableArgument", "028_VariableArgument\028_VariableArgument.vcxproj", "{0CA56A1B-1343-46AB-9D68-5AE60689BC19}"
EndProject
Project("{8BC9CEB8-8B4A-11D0-8D11-00A0C91BC942}") = "029_MyPrintf", "029_MyPrintf\029_MyPrintf.vcxproj", "{31C5E1D7-4ED0-4314-8367-0080A456178F}"
EndProject
Project("{8BC9CEB8-8B4A-11D0-8D11-00A0C91BC942}") = "CharConvert", "CharConvert\CharConvert.vcxproj", "{0EAF15DB-7F9E-4882-A2E6-589205541237}"
EndProject
Project("{8BC9CEB8-8B4A-11D0-8D11-00A0C91BC942}") = "StringTrim", "StringTrim\StringTrim.vcxproj", "{CBA74EF5-257D-48B0-A442-AEF9C1FB4C7A}"
EndProject
Project("{8BC9CEB8-8B4A-11D0-8D11-00A0C91BC942}") = "032_TestRpgStart", "032_TestRpgStart\032_TestRpgStart.vcxproj", "{790B28B1-5B00-4D47-A67C-182B252D65D4}"
EndProject
Project("{8BC9CEB8-8B4A-11D0-8D11-00A0C91BC942}") = "TextRPGClassVer", "TextRPGClassVer\TextRPGClassVer.vcxproj", "{F86C99C8-4967-4584-9249-FB173EC6F84F}"
EndProject
Project("{8BC9CEB8-8B4A-11D0-8D11-00A0C91BC942}") = "Test", "Test\Test.vcxproj", "{EBE67F20-8701-4E9E-8611-FDDB566A9582}"
EndProject
Project("{2150E333-8FDC-42A3-9474-1A3956D46DE8}") = "Game", "Game", "{0259D651-0BD4-4E34-A742-093346456EA7}"
EndProject
Project("{8BC9CEB8-8B4A-11D0-8D11-00A0C91BC942}") = "ConsoleGame", "ConsoleGame\ConsoleGame.vcxproj", "{6DD49D46-BCD9-428F-9715-705EE646B7D8}"
EndProject
Project("{2150E333-8FDC-42A3-9474-1A3956D46DE8}") = "GameCppAndHeader", "GameCppAndHeader", "{6C477B82-F5C2-448C-AFFC-3B0CB487976F}"
EndProject
Project("{8BC9CEB8-8B4A-11D0-8D11-00A0C91BC942}") = "CppAndHeaderSeparation", "CppAndHeaderSeparation\CppAndHeaderSeparation.vcxproj", "{8038790B-0345-4701-8489-283CC90F12AA}"
EndProject
Project("{8BC9CEB8-8B4A-11D0-8D11-00A0C91BC942}") = "TextRpg", "TextRpg\TextRpg.vcxproj", "{BE03D7C9-02C0-4833-A6BF-67D3AE2C3F69}"
EndProject
Project("{8BC9CEB8-8B4A-11D0-8D11-00A0C91BC942}") = "StringContains", "StringContains\StringContains.vcxproj", "{79135AE9-2785-4D46-B792-B731755BCA6F}"
EndProject
Global
	GlobalSection(SolutionConfigurationPlatforms) = preSolution
		Debug|Any CPU = Debug|Any CPU
		Debug|x64 = Debug|x64
		Debug|x86 = Debug|x86
		Release|Any CPU = Release|Any CPU
		Release|x64 = Release|x64
		Release|x86 = Release|x86
	EndGlobalSection
	GlobalSection(ProjectConfigurationPlatforms) = postSolution
		{AB794E3A-1821-40DB-B552-29C2EF9CC18C}.Debug|Any CPU.ActiveCfg = Debug|x64
		{AB794E3A-1821-40DB-B552-29C2EF9CC18C}.Debug|Any CPU.Build.0 = Debug|x64
		{AB794E3A-1821-40DB-B552-29C2EF9CC18C}.Debug|x64.ActiveCfg = Debug|x64
		{AB794E3A-1821-40DB-B552-29C2EF9CC18C}.Debug|x64.Build.0 = Debug|x64
		{AB794E3A-1821-40DB-B552-29C2EF9CC18C}.Debug|x86.ActiveCfg = Debug|Win32
		{AB794E3A-1821-40DB-B552-29C2EF9CC18C}.Debug|x86.Build.0 = Debug|Win32
		{AB794E3A-1821-40DB-B552-29C2EF9CC18C}.Release|Any CPU.ActiveCfg = Release|x64
		{AB794E3A-1821-40DB-B552-29C2EF9CC18C}.Release|Any CPU.Build.0 = Release|x64
		{AB794E3A-1821-40DB-B552-29C2EF9CC18C}.Release|x64.ActiveCfg = Release|x64
		{AB794E3A-1821-40DB-B552-29C2EF9CC18C}.Release|x64.Build.0 = Release|x64
		{AB794E3A-1821-40DB-B552-29C2EF9CC18C}.Release|x86.ActiveCfg = Release|Win32
		{AB794E3A-1821-40DB-B552-29C2EF9CC18C}.Release|x86.Build.0 = Release|Win32
		{7DC561A5-FBB8-4800-A61D-35B87DDC2570}.Debug|Any CPU.ActiveCfg = Debug|x64
		{7DC561A5-FBB8-4800-A61D-35B87DDC2570}.Debug|Any CPU.Build.0 = Debug|x64
		{7DC561A5-FBB8-4800-A61D-35B87DDC2570}.Debug|x64.ActiveCfg = Debug|x64
		{7DC561A5-FBB8-4800-A61D-35B87DDC2570}.Debug|x64.Build.0 = Debug|x64
		{7DC561A5-FBB8-4800-A61D-35B87DDC2570}.Debug|x86.ActiveCfg = Debug|Win32
		{7DC561A5-FBB8-4800-A61D-35B87DDC2570}.Debug|x86.Build.0 = Debug|Win32
		{7DC561A5-FBB8-4800-A61D-35B87DDC2570}.Release|Any CPU.ActiveCfg = Release|x64
		{7DC561A5-FBB8-4800-A61D-35B87DDC2570}.Release|Any CPU.Build.0 = Release|x64
		{7DC561A5-FBB8-4800-A61D-35B87DDC2570}.Release|x64.ActiveCfg = Release|x64
		{7DC561A5-FBB8-4800-A61D-35B87DDC2570}.Release|x64.Build.0 = Release|x64
		{7DC561A5-FBB8-4800-A61D-35B87DDC2570}.Release|x86.ActiveCfg = Release|Win32
		{7DC561A5-FBB8-4800-A61D-35B87DDC2570}.Release|x86.Build.0 = Release|Win32
		{0C36A975-3847-4FA1-BF62-7D07F61A8B0C}.Debug|Any CPU.ActiveCfg = Debug|x64
		{0C36A975-3847-4FA1-BF62-7D07F61A8B0C}.Debug|Any CPU.Build.0 = Debug|x64
		{0C36A975-3847-4FA1-BF62-7D07F61A8B0C}.Debug|x64.ActiveCfg = Debug|x64
		{0C36A975-3847-4FA1-BF62-7D07F61A8B0C}.Debug|x64.Build.0 = Debug|x64
		{0C36A975-3847-4FA1-BF62-7D07F61A8B0C}.Debug|x86.ActiveCfg = Debug|Win32
		{0C36A975-3847-4FA1-BF62-7D07F61A8B0C}.Debug|x86.Build.0 = Debug|Win32
		{0C36A975-3847-4FA1-BF62-7D07F61A8B0C}.Release|Any CPU.ActiveCfg = Release|x64
		{0C36A975-3847-4FA1-BF62-7D07F61A8B0C}.Release|Any CPU.Build.0 = Release|x64
		{0C36A975-3847-4FA1-BF62-7D07F61A8B0C}.Release|x64.ActiveCfg = Release|x64
		{0C36A975-3847-4FA1-BF62-7D07F61A8B0C}.Release|x64.Build.0 = Release|x64
		{0C36A975-3847-4FA1-BF62-7D07F61A8B0C}.Release|x86.ActiveCfg = Release|Win32
		{0C36A975-3847-4FA1-BF62-7D07F61A8B0C}.Release|x86.Build.0 = Release|Win32
		{BC3D7877-0745-493F-BA64-2A1FBF7D5B8E}.Debug|Any CPU.ActiveCfg = Debug|x64
		{BC3D7877-0745-493F-BA64-2A1FBF7D5B8E}.Debug|Any CPU.Build.0 = Debug|x64
		{BC3D7877-0745-493F-BA64-2A1FBF7D5B8E}.Debug|x64.ActiveCfg = Debug|x64
		{BC3D7877-0745-493F-BA64-2A1FBF7D5B8E}.Debug|x64.Build.0 = Debug|x64
		{BC3D7877-0745-493F-BA64-2A1FBF7D5B8E}.Debug|x86.ActiveCfg = Debug|Win32
		{BC3D7877-0745-493F-BA64-2A1FBF7D5B8E}.Debug|x86.Build.0 = Debug|Win32
		{BC3D7877-0745-493F-BA64-2A1FBF7D5B8E}.Release|Any CPU.ActiveCfg = Release|x64
		{BC3D7877-0745-493F-BA64-2A1FBF7D5B8E}.Release|Any CPU.Build.0 = Release|x64
		{BC3D7877-0745-493F-BA64-2A1FBF7D5B8E}.Release|x64.ActiveCfg = Release|x64
		{BC3D7877-0745-493F-BA64-2A1FBF7D5B8E}.Release|x64.Build.0 = Release|x64
		{BC3D7877-0745-493F-BA64-2A1FBF7D5B8E}.Release|x86.ActiveCfg = Release|Win32
		{BC3D7877-0745-493F-BA64-2A1FBF7D5B8E}.Release|x86.Build.0 = Release|Win32
		{F4306A7C-B37E-4D10-81D9-CEDD73BDE405}.Debug|Any CPU.ActiveCfg = Debug|x64
		{F4306A7C-B37E-4D10-81D9-CEDD73BDE405}.Debug|Any CPU.Build.0 = Debug|x64
		{F4306A7C-B37E-4D10-81D9-CEDD73BDE405}.Debug|x64.ActiveCfg = Debug|x64
		{F4306A7C-B37E-4D10-81D9-CEDD73BDE405}.Debug|x64.Build.0 = Debug|x64
		{F4306A7C-B37E-4D10-81D9-CEDD73BDE405}.Debug|x86.ActiveCfg = Debug|Win32
		{F4306A7C-B37E-4D10-81D9-CEDD73BDE405}.Debug|x86.Build.0 = Debug|Win32
		{F4306A7C-B37E-4D10-81D9-CEDD73BDE405}.Release|Any CPU.ActiveCfg = Release|x64
		{F4306A7C-B37E-4D10-81D9-CEDD73BDE405}.Release|Any CPU.Build.0 = Release|x64
		{F4306A7C-B37E-4D10-81D9-CEDD73BDE405}.Release|x64.ActiveCfg = Release|x64
		{F4306A7C-B37E-4D10-81D9-CEDD73BDE405}.Release|x64.Build.0 = Release|x64
		{F4306A7C-B37E-4D10-81D9-CEDD73BDE405}.Release|x86.ActiveCfg = Release|Win32
		{F4306A7C-B37E-4D10-81D9-CEDD73BDE405}.Release|x86.Build.0 = Release|Win32
		{21C7B76E-69AC-4059-AF6B-AB94803D1408}.Debug|Any CPU.ActiveCfg = Debug|x64
		{21C7B76E-69AC-4059-AF6B-AB94803D1408}.Debug|Any CPU.Build.0 = Debug|x64
		{21C7B76E-69AC-4059-AF6B-AB94803D1408}.Debug|x64.ActiveCfg = Debug|x64
		{21C7B76E-69AC-4059-AF6B-AB94803D1408}.Debug|x64.Build.0 = Debug|x64
		{21C7B76E-69AC-4059-AF6B-AB94803D1408}.Debug|x86.ActiveCfg = Debug|Win32
		{21C7B76E-69AC-4059-AF6B-AB94803D1408}.Debug|x86.Build.0 = Debug|Win32
		{21C7B76E-69AC-4059-AF6B-AB94803D1408}.Release|Any CPU.ActiveCfg = Release|x64
		{21C7B76E-69AC-4059-AF6B-AB94803D1408}.Release|Any CPU.Build.0 = Release|x64
		{21C7B76E-69AC-4059-AF6B-AB94803D1408}.Release|x64.ActiveCfg = Release|x64
		{21C7B76E-69AC-4059-AF6B-AB94803D1408}.Release|x64.Build.0 = Release|x64
		{21C7B76E-69AC-4059-AF6B-AB94803D1408}.Release|x86.ActiveCfg = Release|Win32
		{21C7B76E-69AC-4059-AF6B-AB94803D1408}.Release|x86.Build.0 = Release|Win32
		{90990215-5039-417F-BB2E-D7D9F9DD519F}.Debug|Any CPU.ActiveCfg = Debug|x64
		{90990215-5039-417F-BB2E-D7D9F9DD519F}.Debug|Any CPU.Build.0 = Debug|x64
		{90990215-5039-417F-BB2E-D7D9F9DD519F}.Debug|x64.ActiveCfg = Debug|x64
		{90990215-5039-417F-BB2E-D7D9F9DD519F}.Debug|x64.Build.0 = Debug|x64
		{90990215-5039-417F-BB2E-D7D9F9DD519F}.Debug|x86.ActiveCfg = Debug|Win32
		{90990215-5039-417F-BB2E-D7D9F9DD519F}.Debug|x86.Build.0 = Debug|Win32
		{90990215-5039-417F-BB2E-D7D9F9DD519F}.Release|Any CPU.ActiveCfg = Release|x64
		{90990215-5039-417F-BB2E-D7D9F9DD519F}.Release|Any CPU.Build.0 = Release|x64
		{90990215-5039-417F-BB2E-D7D9F9DD519F}.Release|x64.ActiveCfg = Release|x64
		{90990215-5039-417F-BB2E-D7D9F9DD519F}.Release|x64.Build.0 = Release|x64
		{90990215-5039-417F-BB2E-D7D9F9DD519F}.Release|x86.ActiveCfg = Release|Win32
		{90990215-5039-417F-BB2E-D7D9F9DD519F}.Release|x86.Build.0 = Release|Win32
		{E6A42786-CAC4-4CF5-884E-7768D72E9C64}.Debug|Any CPU.ActiveCfg = Debug|x64
		{E6A42786-CAC4-4CF5-884E-7768D72E9C64}.Debug|Any CPU.Build.0 = Debug|x64
		{E6A42786-CAC4-4CF5-884E-7768D72E9C64}.Debug|x64.ActiveCfg = Debug|x64
		{E6A42786-CAC4-4CF5-884E-7768D72E9C64}.Debug|x64.Build.0 = Debug|x64
		{E6A42786-CAC4-4CF5-884E-7768D72E9C64}.Debug|x86.ActiveCfg = Debug|Win32
		{E6A42786-CAC4-4CF5-884E-7768D72E9C64}.Debug|x86.Build.0 = Debug|Win32
		{E6A42786-CAC4-4CF5-884E-7768D72E9C64}.Release|Any CPU.ActiveCfg = Release|x64
		{E6A42786-CAC4-4CF5-884E-7768D72E9C64}.Release|Any CPU.Build.0 = Release|x64
		{E6A42786-CAC4-4CF5-884E-7768D72E9C64}.Release|x64.ActiveCfg = Release|x64
		{E6A42786-CAC4-4CF5-884E-7768D72E9C64}.Release|x64.Build.0 = Release|x64
		{E6A42786-CAC4-4CF5-884E-7768D72E9C64}.Release|x86.ActiveCfg = Release|Win32
		{E6A42786-CAC4-4CF5-884E-7768D72E9C64}.Release|x86.Build.0 = Release|Win32
		{973A4F17-7EF9-4A5C-A2AA-FE2F9848CE72}.Debug|Any CPU.ActiveCfg = Debug|x64
		{973A4F17-7EF9-4A5C-A2AA-FE2F9848CE72}.Debug|Any CPU.Build.0 = Debug|x64
		{973A4F17-7EF9-4A5C-A2AA-FE2F9848CE72}.Debug|x64.ActiveCfg = Debug|x64
		{973A4F17-7EF9-4A5C-A2AA-FE2F9848CE72}.Debug|x64.Build.0 = Debug|x64
		{973A4F17-7EF9-4A5C-A2AA-FE2F9848CE72}.Debug|x86.ActiveCfg = Debug|Win32
		{973A4F17-7EF9-4A5C-A2AA-FE2F9848CE72}.Debug|x86.Build.0 = Debug|Win32
		{973A4F17-7EF9-4A5C-A2AA-FE2F9848CE72}.Release|Any CPU.ActiveCfg = Release|x64
		{973A4F17-7EF9-4A5C-A2AA-FE2F9848CE72}.Release|Any CPU.Build.0 = Release|x64
		{973A4F17-7EF9-4A5C-A2AA-FE2F9848CE72}.Release|x64.ActiveCfg = Release|x64
		{973A4F17-7EF9-4A5C-A2AA-FE2F9848CE72}.Release|x64.Build.0 = Release|x64
		{973A4F17-7EF9-4A5C-A2AA-FE2F9848CE72}.Release|x86.ActiveCfg = Release|Win32
		{973A4F17-7EF9-4A5C-A2AA-FE2F9848CE72}.Release|x86.Build.0 = Release|Win32
		{8320D0C0-3C89-4018-B08C-27B4C27D3DFD}.Debug|Any CPU.ActiveCfg = Debug|x64
		{8320D0C0-3C89-4018-B08C-27B4C27D3DFD}.Debug|Any CPU.Build.0 = Debug|x64
		{8320D0C0-3C89-4018-B08C-27B4C27D3DFD}.Debug|x64.ActiveCfg = Debug|x64
		{8320D0C0-3C89-4018-B08C-27B4C27D3DFD}.Debug|x64.Build.0 = Debug|x64
		{8320D0C0-3C89-4018-B08C-27B4C27D3DFD}.Debug|x86.ActiveCfg = Debug|Win32
		{8320D0C0-3C89-4018-B08C-27B4C27D3DFD}.Debug|x86.Build.0 = Debug|Win32
		{8320D0C0-3C89-4018-B08C-27B4C27D3DFD}.Release|Any CPU.ActiveCfg = Release|x64
		{8320D0C0-3C89-4018-B08C-27B4C27D3DFD}.Release|Any CPU.Build.0 = Release|x64
		{8320D0C0-3C89-4018-B08C-27B4C27D3DFD}.Release|x64.ActiveCfg = Release|x64
		{8320D0C0-3C89-4018-B08C-27B4C27D3DFD}.Release|x64.Build.0 = Release|x64
		{8320D0C0-3C89-4018-B08C-27B4C27D3DFD}.Release|x86.ActiveCfg = Release|Win32
		{8320D0C0-3C89-4018-B08C-27B4C27D3DFD}.Release|x86.Build.0 = Release|Win32
		{62F8670D-174F-4356-8139-0590AA1DFB72}.Debug|Any CPU.ActiveCfg = Debug|x64
		{62F8670D-174F-4356-8139-0590AA1DFB72}.Debug|Any CPU.Build.0 = Debug|x64
		{62F8670D-174F-4356-8139-0590AA1DFB72}.Debug|x64.ActiveCfg = Debug|x64
		{62F8670D-174F-4356-8139-0590AA1DFB72}.Debug|x64.Build.0 = Debug|x64
		{62F8670D-174F-4356-8139-0590AA1DFB72}.Debug|x86.ActiveCfg = Debug|Win32
		{62F8670D-174F-4356-8139-0590AA1DFB72}.Debug|x86.Build.0 = Debug|Win32
		{62F8670D-174F-4356-8139-0590AA1DFB72}.Release|Any CPU.ActiveCfg = Release|x64
		{62F8670D-174F-4356-8139-0590AA1DFB72}.Release|Any CPU.Build.0 = Release|x64
		{62F8670D-174F-4356-8139-0590AA1DFB72}.Release|x64.ActiveCfg = Release|x64
		{62F8670D-174F-4356-8139-0590AA1DFB72}.Release|x64.Build.0 = Release|x64
		{62F8670D-174F-4356-8139-0590AA1DFB72}.Release|x86.ActiveCfg = Release|Win32
		{62F8670D-174F-4356-8139-0590AA1DFB72}.Release|x86.Build.0 = Release|Win32
		{2EA46987-A5CA-4A60-BD7D-70908929E0AE}.Debug|Any CPU.ActiveCfg = Debug|x64
		{2EA46987-A5CA-4A60-BD7D-70908929E0AE}.Debug|Any CPU.Build.0 = Debug|x64
		{2EA46987-A5CA-4A60-BD7D-70908929E0AE}.Debug|x64.ActiveCfg = Debug|x64
		{2EA46987-A5CA-4A60-BD7D-70908929E0AE}.Debug|x64.Build.0 = Debug|x64
		{2EA46987-A5CA-4A60-BD7D-70908929E0AE}.Debug|x86.ActiveCfg = Debug|Win32
		{2EA46987-A5CA-4A60-BD7D-70908929E0AE}.Debug|x86.Build.0 = Debug|Win32
		{2EA46987-A5CA-4A60-BD7D-70908929E0AE}.Release|Any CPU.ActiveCfg = Release|x64
		{2EA46987-A5CA-4A60-BD7D-70908929E0AE}.Release|Any CPU.Build.0 = Release|x64
		{2EA46987-A5CA-4A60-BD7D-70908929E0AE}.Release|x64.ActiveCfg = Release|x64
		{2EA46987-A5CA-4A60-BD7D-70908929E0AE}.Release|x64.Build.0 = Release|x64
		{2EA46987-A5CA-4A60-BD7D-70908929E0AE}.Release|x86.ActiveCfg = Release|Win32
		{2EA46987-A5CA-4A60-BD7D-70908929E0AE}.Release|x86.Build.0 = Release|Win32
		{A4E61933-E357-4CD4-B3CF-9B3CF4DD1B46}.Debug|Any CPU.ActiveCfg = Debug|x64
		{A4E61933-E357-4CD4-B3CF-9B3CF4DD1B46}.Debug|Any CPU.Build.0 = Debug|x64
		{A4E61933-E357-4CD4-B3CF-9B3CF4DD1B46}.Debug|x64.ActiveCfg = Debug|x64
		{A4E61933-E357-4CD4-B3CF-9B3CF4DD1B46}.Debug|x64.Build.0 = Debug|x64
		{A4E61933-E357-4CD4-B3CF-9B3CF4DD1B46}.Debug|x86.ActiveCfg = Debug|Win32
		{A4E61933-E357-4CD4-B3CF-9B3CF4DD1B46}.Debug|x86.Build.0 = Debug|Win32
		{A4E61933-E357-4CD4-B3CF-9B3CF4DD1B46}.Release|Any CPU.ActiveCfg = Release|x64
		{A4E61933-E357-4CD4-B3CF-9B3CF4DD1B46}.Release|Any CPU.Build.0 = Release|x64
		{A4E61933-E357-4CD4-B3CF-9B3CF4DD1B46}.Release|x64.ActiveCfg = Release|x64
		{A4E61933-E357-4CD4-B3CF-9B3CF4DD1B46}.Release|x64.Build.0 = Release|x64
		{A4E61933-E357-4CD4-B3CF-9B3CF4DD1B46}.Release|x86.ActiveCfg = Release|Win32
		{A4E61933-E357-4CD4-B3CF-9B3CF4DD1B46}.Release|x86.Build.0 = Release|Win32
		{3F0CA38C-320E-4087-89F5-D0BE9454CFF2}.Debug|Any CPU.ActiveCfg = Debug|x64
		{3F0CA38C-320E-4087-89F5-D0BE9454CFF2}.Debug|Any CPU.Build.0 = Debug|x64
		{3F0CA38C-320E-4087-89F5-D0BE9454CFF2}.Debug|x64.ActiveCfg = Debug|x64
		{3F0CA38C-320E-4087-89F5-D0BE9454CFF2}.Debug|x64.Build.0 = Debug|x64
		{3F0CA38C-320E-4087-89F5-D0BE9454CFF2}.Debug|x86.ActiveCfg = Debug|Win32
		{3F0CA38C-320E-4087-89F5-D0BE9454CFF2}.Debug|x86.Build.0 = Debug|Win32
		{3F0CA38C-320E-4087-89F5-D0BE9454CFF2}.Release|Any CPU.ActiveCfg = Release|x64
		{3F0CA38C-320E-4087-89F5-D0BE9454CFF2}.Release|Any CPU.Build.0 = Release|x64
		{3F0CA38C-320E-4087-89F5-D0BE9454CFF2}.Release|x64.ActiveCfg = Release|x64
		{3F0CA38C-320E-4087-89F5-D0BE9454CFF2}.Release|x64.Build.0 = Release|x64
		{3F0CA38C-320E-4087-89F5-D0BE9454CFF2}.Release|x86.ActiveCfg = Release|Win32
		{3F0CA38C-320E-4087-89F5-D0BE9454CFF2}.Release|x86.Build.0 = Release|Win32
		{E8BAF138-D2FD-4A34-AEAD-CEAA5B673064}.Debug|Any CPU.ActiveCfg = Debug|x64
		{E8BAF138-D2FD-4A34-AEAD-CEAA5B673064}.Debug|Any CPU.Build.0 = Debug|x64
		{E8BAF138-D2FD-4A34-AEAD-CEAA5B673064}.Debug|x64.ActiveCfg = Debug|x64
		{E8BAF138-D2FD-4A34-AEAD-CEAA5B673064}.Debug|x64.Build.0 = Debug|x64
		{E8BAF138-D2FD-4A34-AEAD-CEAA5B673064}.Debug|x86.ActiveCfg = Debug|Win32
		{E8BAF138-D2FD-4A34-AEAD-CEAA5B673064}.Debug|x86.Build.0 = Debug|Win32
		{E8BAF138-D2FD-4A34-AEAD-CEAA5B673064}.Release|Any CPU.ActiveCfg = Release|x64
		{E8BAF138-D2FD-4A34-AEAD-CEAA5B673064}.Release|Any CPU.Build.0 = Release|x64
		{E8BAF138-D2FD-4A34-AEAD-CEAA5B673064}.Release|x64.ActiveCfg = Release|x64
		{E8BAF138-D2FD-4A34-AEAD-CEAA5B673064}.Release|x64.Build.0 = Release|x64
		{E8BAF138-D2FD-4A34-AEAD-CEAA5B673064}.Release|x86.ActiveCfg = Release|Win32
		{E8BAF138-D2FD-4A34-AEAD-CEAA5B673064}.Release|x86.Build.0 = Release|Win32
		{AB0CD4FF-C3FD-4349-9CF3-35F113717E94}.Debug|Any CPU.ActiveCfg = Debug|x64
		{AB0CD4FF-C3FD-4349-9CF3-35F113717E94}.Debug|Any CPU.Build.0 = Debug|x64
		{AB0CD4FF-C3FD-4349-9CF3-35F113717E94}.Debug|x64.ActiveCfg = Debug|x64
		{AB0CD4FF-C3FD-4349-9CF3-35F113717E94}.Debug|x64.Build.0 = Debug|x64
		{AB0CD4FF-C3FD-4349-9CF3-35F113717E94}.Debug|x86.ActiveCfg = Debug|Win32
		{AB0CD4FF-C3FD-4349-9CF3-35F113717E94}.Debug|x86.Build.0 = Debug|Win32
		{AB0CD4FF-C3FD-4349-9CF3-35F113717E94}.Release|Any CPU.ActiveCfg = Release|x64
		{AB0CD4FF-C3FD-4349-9CF3-35F113717E94}.Release|Any CPU.Build.0 = Release|x64
		{AB0CD4FF-C3FD-4349-9CF3-35F113717E94}.Release|x64.ActiveCfg = Release|x64
		{AB0CD4FF-C3FD-4349-9CF3-35F113717E94}.Release|x64.Build.0 = Release|x64
		{AB0CD4FF-C3FD-4349-9CF3-35F113717E94}.Release|x86.ActiveCfg = Release|Win32
		{AB0CD4FF-C3FD-4349-9CF3-35F113717E94}.Release|x86.Build.0 = Release|Win32
		{43818C9B-704B-4141-8FB9-30ADD18BDD5F}.Debug|Any CPU.ActiveCfg = Debug|x64
		{43818C9B-704B-4141-8FB9-30ADD18BDD5F}.Debug|Any CPU.Build.0 = Debug|x64
		{43818C9B-704B-4141-8FB9-30ADD18BDD5F}.Debug|x64.ActiveCfg = Debug|x64
		{43818C9B-704B-4141-8FB9-30ADD18BDD5F}.Debug|x64.Build.0 = Debug|x64
		{43818C9B-704B-4141-8FB9-30ADD18BDD5F}.Debug|x86.ActiveCfg = Debug|Win32
		{43818C9B-704B-4141-8FB9-30ADD18BDD5F}.Debug|x86.Build.0 = Debug|Win32
		{43818C9B-704B-4141-8FB9-30ADD18BDD5F}.Release|Any CPU.ActiveCfg = Release|x64
		{43818C9B-704B-4141-8FB9-30ADD18BDD5F}.Release|Any CPU.Build.0 = Release|x64
		{43818C9B-704B-4141-8FB9-30ADD18BDD5F}.Release|x64.ActiveCfg = Release|x64
		{43818C9B-704B-4141-8FB9-30ADD18BDD5F}.Release|x64.Build.0 = Release|x64
		{43818C9B-704B-4141-8FB9-30ADD18BDD5F}.Release|x86.ActiveCfg = Release|Win32
		{43818C9B-704B-4141-8FB9-30ADD18BDD5F}.Release|x86.Build.0 = Release|Win32
		{DF4FAA32-2CB5-4FD8-856A-3B8A773383E1}.Debug|Any CPU.ActiveCfg = Debug|x64
		{DF4FAA32-2CB5-4FD8-856A-3B8A773383E1}.Debug|Any CPU.Build.0 = Debug|x64
		{DF4FAA32-2CB5-4FD8-856A-3B8A773383E1}.Debug|x64.ActiveCfg = Debug|x64
		{DF4FAA32-2CB5-4FD8-856A-3B8A773383E1}.Debug|x64.Build.0 = Debug|x64
		{DF4FAA32-2CB5-4FD8-856A-3B8A773383E1}.Debug|x86.ActiveCfg = Debug|Win32
		{DF4FAA32-2CB5-4FD8-856A-3B8A773383E1}.Debug|x86.Build.0 = Debug|Win32
		{DF4FAA32-2CB5-4FD8-856A-3B8A773383E1}.Release|Any CPU.ActiveCfg = Release|x64
		{DF4FAA32-2CB5-4FD8-856A-3B8A773383E1}.Release|Any CPU.Build.0 = Release|x64
		{DF4FAA32-2CB5-4FD8-856A-3B8A773383E1}.Release|x64.ActiveCfg = Release|x64
		{DF4FAA32-2CB5-4FD8-856A-3B8A773383E1}.Release|x64.Build.0 = Release|x64
		{DF4FAA32-2CB5-4FD8-856A-3B8A773383E1}.Release|x86.ActiveCfg = Release|Win32
		{DF4FAA32-2CB5-4FD8-856A-3B8A773383E1}.Release|x86.Build.0 = Release|Win32
		{CEC12275-9768-4798-8893-EE3BEF460B66}.Debug|Any CPU.ActiveCfg = Debug|x64
		{CEC12275-9768-4798-8893-EE3BEF460B66}.Debug|Any CPU.Build.0 = Debug|x64
		{CEC12275-9768-4798-8893-EE3BEF460B66}.Debug|x64.ActiveCfg = Debug|x64
		{CEC12275-9768-4798-8893-EE3BEF460B66}.Debug|x64.Build.0 = Debug|x64
		{CEC12275-9768-4798-8893-EE3BEF460B66}.Debug|x86.ActiveCfg = Debug|Win32
		{CEC12275-9768-4798-8893-EE3BEF460B66}.Debug|x86.Build.0 = Debug|Win32
		{CEC12275-9768-4798-8893-EE3BEF460B66}.Release|Any CPU.ActiveCfg = Release|x64
		{CEC12275-9768-4798-8893-EE3BEF460B66}.Release|Any CPU.Build.0 = Release|x64
		{CEC12275-9768-4798-8893-EE3BEF460B66}.Release|x64.ActiveCfg = Release|x64
		{CEC12275-9768-4798-8893-EE3BEF460B66}.Release|x64.Build.0 = Release|x64
		{CEC12275-9768-4798-8893-EE3BEF460B66}.Release|x86.ActiveCfg = Release|Win32
		{CEC12275-9768-4798-8893-EE3BEF460B66}.Release|x86.Build.0 = Release|Win32
		{ED132AF5-B3A4-4494-BA93-38D3EEC37D55}.Debug|Any CPU.ActiveCfg = Debug|x64
		{ED132AF5-B3A4-4494-BA93-38D3EEC37D55}.Debug|Any CPU.Build.0 = Debug|x64
		{ED132AF5-B3A4-4494-BA93-38D3EEC37D55}.Debug|x64.ActiveCfg = Debug|x64
		{ED132AF5-B3A4-4494-BA93-38D3EEC37D55}.Debug|x64.Build.0 = Debug|x64
		{ED132AF5-B3A4-4494-BA93-38D3EEC37D55}.Debug|x86.ActiveCfg = Debug|Win32
		{ED132AF5-B3A4-4494-BA93-38D3EEC37D55}.Debug|x86.Build.0 = Debug|Win32
		{ED132AF5-B3A4-4494-BA93-38D3EEC37D55}.Release|Any CPU.ActiveCfg = Release|x64
		{ED132AF5-B3A4-4494-BA93-38D3EEC37D55}.Release|Any CPU.Build.0 = Release|x64
		{ED132AF5-B3A4-4494-BA93-38D3EEC37D55}.Release|x64.ActiveCfg = Release|x64
		{ED132AF5-B3A4-4494-BA93-38D3EEC37D55}.Release|x64.Build.0 = Release|x64
		{ED132AF5-B3A4-4494-BA93-38D3EEC37D55}.Release|x86.ActiveCfg = Release|Win32
		{ED132AF5-B3A4-4494-BA93-38D3EEC37D55}.Release|x86.Build.0 = Release|Win32
		{2BABAAF4-A4A3-4948-857A-97D814A9DA17}.Debug|Any CPU.ActiveCfg = Debug|x64
		{2BABAAF4-A4A3-4948-857A-97D814A9DA17}.Debug|Any CPU.Build.0 = Debug|x64
		{2BABAAF4-A4A3-4948-857A-97D814A9DA17}.Debug|x64.ActiveCfg = Debug|x64
		{2BABAAF4-A4A3-4948-857A-97D814A9DA17}.Debug|x64.Build.0 = Debug|x64
		{2BABAAF4-A4A3-4948-857A-97D814A9DA17}.Debug|x86.ActiveCfg = Debug|Win32
		{2BABAAF4-A4A3-4948-857A-97D814A9DA17}.Debug|x86.Build.0 = Debug|Win32
		{2BABAAF4-A4A3-4948-857A-97D814A9DA17}.Release|Any CPU.ActiveCfg = Release|x64
		{2BABAAF4-A4A3-4948-857A-97D814A9DA17}.Release|Any CPU.Build.0 = Release|x64
		{2BABAAF4-A4A3-4948-857A-97D814A9DA17}.Release|x64.ActiveCfg = Release|x64
		{2BABAAF4-A4A3-4948-857A-97D814A9DA17}.Release|x64.Build.0 = Release|x64
		{2BABAAF4-A4A3-4948-857A-97D814A9DA17}.Release|x86.ActiveCfg = Release|Win32
		{2BABAAF4-A4A3-4948-857A-97D814A9DA17}.Release|x86.Build.0 = Release|Win32
		{CAF871F3-7DCE-429E-B8B9-D9D6959CFEE7}.Debug|Any CPU.ActiveCfg = Debug|x64
		{CAF871F3-7DCE-429E-B8B9-D9D6959CFEE7}.Debug|Any CPU.Build.0 = Debug|x64
		{CAF871F3-7DCE-429E-B8B9-D9D6959CFEE7}.Debug|x64.ActiveCfg = Debug|x64
		{CAF871F3-7DCE-429E-B8B9-D9D6959CFEE7}.Debug|x64.Build.0 = Debug|x64
		{CAF871F3-7DCE-429E-B8B9-D9D6959CFEE7}.Debug|x86.ActiveCfg = Debug|Win32
		{CAF871F3-7DCE-429E-B8B9-D9D6959CFEE7}.Debug|x86.Build.0 = Debug|Win32
		{CAF871F3-7DCE-429E-B8B9-D9D6959CFEE7}.Release|Any CPU.ActiveCfg = Release|x64
		{CAF871F3-7DCE-429E-B8B9-D9D6959CFEE7}.Release|Any CPU.Build.0 = Release|x64
		{CAF871F3-7DCE-429E-B8B9-D9D6959CFEE7}.Release|x64.ActiveCfg = Release|x64
		{CAF871F3-7DCE-429E-B8B9-D9D6959CFEE7}.Release|x64.Build.0 = Release|x64
		{CAF871F3-7DCE-429E-B8B9-D9D6959CFEE7}.Release|x86.ActiveCfg = Release|Win32
		{CAF871F3-7DCE-429E-B8B9-D9D6959CFEE7}.Release|x86.Build.0 = Release|Win32
		{CEECE105-BBCD-49AD-BC78-0B2FC08666EA}.Debug|Any CPU.ActiveCfg = Debug|x64
		{CEECE105-BBCD-49AD-BC78-0B2FC08666EA}.Debug|Any CPU.Build.0 = Debug|x64
		{CEECE105-BBCD-49AD-BC78-0B2FC08666EA}.Debug|x64.ActiveCfg = Debug|x64
		{CEECE105-BBCD-49AD-BC78-0B2FC08666EA}.Debug|x64.Build.0 = Debug|x64
		{CEECE105-BBCD-49AD-BC78-0B2FC08666EA}.Debug|x86.ActiveCfg = Debug|Win32
		{CEECE105-BBCD-49AD-BC78-0B2FC08666EA}.Debug|x86.Build.0 = Debug|Win32
		{CEECE105-BBCD-49AD-BC78-0B2FC08666EA}.Release|Any CPU.ActiveCfg = Release|x64
		{CEECE105-BBCD-49AD-BC78-0B2FC08666EA}.Release|Any CPU.Build.0 = Release|x64
		{CEECE105-BBCD-49AD-BC78-0B2FC08666EA}.Release|x64.ActiveCfg = Release|x64
		{CEECE105-BBCD-49AD-BC78-0B2FC08666EA}.Release|x64.Build.0 = Release|x64
		{CEECE105-BBCD-49AD-BC78-0B2FC08666EA}.Release|x86.ActiveCfg = Release|Win32
		{CEECE105-BBCD-49AD-BC78-0B2FC08666EA}.Release|x86.Build.0 = Release|Win32
		{535BDD93-51AE-487B-9DE4-D614AF311D1E}.Debug|Any CPU.ActiveCfg = Debug|x64
		{535BDD93-51AE-487B-9DE4-D614AF311D1E}.Debug|Any CPU.Build.0 = Debug|x64
		{535BDD93-51AE-487B-9DE4-D614AF311D1E}.Debug|x64.ActiveCfg = Debug|x64
		{535BDD93-51AE-487B-9DE4-D614AF311D1E}.Debug|x64.Build.0 = Debug|x64
		{535BDD93-51AE-487B-9DE4-D614AF311D1E}.Debug|x86.ActiveCfg = Debug|Win32
		{535BDD93-51AE-487B-9DE4-D614AF311D1E}.Debug|x86.Build.0 = Debug|Win32
		{535BDD93-51AE-487B-9DE4-D614AF311D1E}.Release|Any CPU.ActiveCfg = Release|x64
		{535BDD93-51AE-487B-9DE4-D614AF311D1E}.Release|Any CPU.Build.0 = Release|x64
		{535BDD93-51AE-487B-9DE4-D614AF311D1E}.Release|x64.ActiveCfg = Release|x64
		{535BDD93-51AE-487B-9DE4-D614AF311D1E}.Release|x64.Build.0 = Release|x64
		{535BDD93-51AE-487B-9DE4-D614AF311D1E}.Release|x86.ActiveCfg = Release|Win32
		{535BDD93-51AE-487B-9DE4-D614AF311D1E}.Release|x86.Build.0 = Release|Win32
		{0CA56A1B-1343-46AB-9D68-5AE60689BC19}.Debug|Any CPU.ActiveCfg = Debug|x64
		{0CA56A1B-1343-46AB-9D68-5AE60689BC19}.Debug|Any CPU.Build.0 = Debug|x64
		{0CA56A1B-1343-46AB-9D68-5AE60689BC19}.Debug|x64.ActiveCfg = Debug|x64
		{0CA56A1B-1343-46AB-9D68-5AE60689BC19}.Debug|x64.Build.0 = Debug|x64
		{0CA56A1B-1343-46AB-9D68-5AE60689BC19}.Debug|x86.ActiveCfg = Debug|Win32
		{0CA56A1B-1343-46AB-9D68-5AE60689BC19}.Debug|x86.Build.0 = Debug|Win32
		{0CA56A1B-1343-46AB-9D68-5AE60689BC19}.Release|Any CPU.ActiveCfg = Release|x64
		{0CA56A1B-1343-46AB-9D68-5AE60689BC19}.Release|Any CPU.Build.0 = Release|x64
		{0CA56A1B-1343-46AB-9D68-5AE60689BC19}.Release|x64.ActiveCfg = Release|x64
		{0CA56A1B-1343-46AB-9D68-5AE60689BC19}.Release|x64.Build.0 = Release|x64
		{0CA56A1B-1343-46AB-9D68-5AE60689BC19}.Release|x86.ActiveCfg = Release|Win32
		{0CA56A1B-1343-46AB-9D68-5AE60689BC19}.Release|x86.Build.0 = Release|Win32
		{31C5E1D7-4ED0-4314-8367-0080A456178F}.Debug|Any CPU.ActiveCfg = Debug|x64
		{31C5E1D7-4ED0-4314-8367-0080A456178F}.Debug|Any CPU.Build.0 = Debug|x64
		{31C5E1D7-4ED0-4314-8367-0080A456178F}.Debug|x64.ActiveCfg = Debug|x64
		{31C5E1D7-4ED0-4314-8367-0080A456178F}.Debug|x64.Build.0 = Debug|x64
		{31C5E1D7-4ED0-4314-8367-0080A456178F}.Debug|x86.ActiveCfg = Debug|Win32
		{31C5E1D7-4ED0-4314-8367-0080A456178F}.Debug|x86.Build.0 = Debug|Win32
		{31C5E1D7-4ED0-4314-8367-0080A456178F}.Release|Any CPU.ActiveCfg = Release|x64
		{31C5E1D7-4ED0-4314-8367-0080A456178F}.Release|Any CPU.Build.0 = Release|x64
		{31C5E1D7-4ED0-4314-8367-0080A456178F}.Release|x64.ActiveCfg = Release|x64
		{31C5E1D7-4ED0-4314-8367-0080A456178F}.Release|x64.Build.0 = Release|x64
		{31C5E1D7-4ED0-4314-8367-0080A456178F}.Release|x86.ActiveCfg = Release|Win32
		{31C5E1D7-4ED0-4314-8367-0080A456178F}.Release|x86.Build.0 = Release|Win32
		{0EAF15DB-7F9E-4882-A2E6-589205541237}.Debug|Any CPU.ActiveCfg = Debug|x64
		{0EAF15DB-7F9E-4882-A2E6-589205541237}.Debug|Any CPU.Build.0 = Debug|x64
		{0EAF15DB-7F9E-4882-A2E6-589205541237}.Debug|x64.ActiveCfg = Debug|x64
		{0EAF15DB-7F9E-4882-A2E6-589205541237}.Debug|x64.Build.0 = Debug|x64
		{0EAF15DB-7F9E-4882-A2E6-589205541237}.Debug|x86.ActiveCfg = Debug|Win32
		{0EAF15DB-7F9E-4882-A2E6-589205541237}.Debug|x86.Build.0 = Debug|Win32
		{0EAF15DB-7F9E-4882-A2E6-589205541237}.Release|Any CPU.ActiveCfg = Release|x64
		{0EAF15DB-7F9E-4882-A2E6-589205541237}.Release|Any CPU.Build.0 = Release|x64
		{0EAF15DB-7F9E-4882-A2E6-589205541237}.Release|x64.ActiveCfg = Release|x64
		{0EAF15DB-7F9E-4882-A2E6-589205541237}.Release|x64.Build.0 = Release|x64
		{0EAF15DB-7F9E-4882-A2E6-589205541237}.Release|x86.ActiveCfg = Release|Win32
		{0EAF15DB-7F9E-4882-A2E6-589205541237}.Release|x86.Build.0 = Release|Win32
		{CBA74EF5-257D-48B0-A442-AEF9C1FB4C7A}.Debug|Any CPU.ActiveCfg = Debug|x64
		{CBA74EF5-257D-48B0-A442-AEF9C1FB4C7A}.Debug|Any CPU.Build.0 = Debug|x64
		{CBA74EF5-257D-48B0-A442-AEF9C1FB4C7A}.Debug|x64.ActiveCfg = Debug|x64
		{CBA74EF5-257D-48B0-A442-AEF9C1FB4C7A}.Debug|x64.Build.0 = Debug|x64
		{CBA74EF5-257D-48B0-A442-AEF9C1FB4C7A}.Debug|x86.ActiveCfg = Debug|Win32
		{CBA74EF5-257D-48B0-A442-AEF9C1FB4C7A}.Debug|x86.Build.0 = Debug|Win32
		{CBA74EF5-257D-48B0-A442-AEF9C1FB4C7A}.Release|Any CPU.ActiveCfg = Release|x64
		{CBA74EF5-257D-48B0-A442-AEF9C1FB4C7A}.Release|Any CPU.Build.0 = Release|x64
		{CBA74EF5-257D-48B0-A442-AEF9C1FB4C7A}.Release|x64.ActiveCfg = Release|x64
		{CBA74EF5-257D-48B0-A442-AEF9C1FB4C7A}.Release|x64.Build.0 = Release|x64
		{CBA74EF5-257D-48B0-A442-AEF9C1FB4C7A}.Release|x86.ActiveCfg = Release|Win32
		{CBA74EF5-257D-48B0-A442-AEF9C1FB4C7A}.Release|x86.Build.0 = Release|Win32
		{790B28B1-5B00-4D47-A67C-182B252D65D4}.Debug|Any CPU.ActiveCfg = Debug|x64
		{790B28B1-5B00-4D47-A67C-182B252D65D4}.Debug|Any CPU.Build.0 = Debug|x64
		{790B28B1-5B00-4D47-A67C-182B252D65D4}.Debug|x64.ActiveCfg = Debug|x64
		{790B28B1-5B00-4D47-A67C-182B252D65D4}.Debug|x64.Build.0 = Debug|x64
		{790B28B1-5B00-4D47-A67C-182B252D65D4}.Debug|x86.ActiveCfg = Debug|Win32
		{790B28B1-5B00-4D47-A67C-182B252D65D4}.Debug|x86.Build.0 = Debug|Win32
		{790B28B1-5B00-4D47-A67C-182B252D65D4}.Release|Any CPU.ActiveCfg = Release|x64
		{790B28B1-5B00-4D47-A67C-182B252D65D4}.Release|Any CPU.Build.0 = Release|x64
		{790B28B1-5B00-4D47-A67C-182B252D65D4}.Release|x64.ActiveCfg = Release|x64
		{790B28B1-5B00-4D47-A67C-182B252D65D4}.Release|x64.Build.0 = Release|x64
		{790B28B1-5B00-4D47-A67C-182B252D65D4}.Release|x86.ActiveCfg = Release|Win32
		{790B28B1-5B00-4D47-A67C-182B252D65D4}.Release|x86.Build.0 = Release|Win32
		{F86C99C8-4967-4584-9249-FB173EC6F84F}.Debug|Any CPU.ActiveCfg = Debug|x64
		{F86C99C8-4967-4584-9249-FB173EC6F84F}.Debug|Any CPU.Build.0 = Debug|x64
		{F86C99C8-4967-4584-9249-FB173EC6F84F}.Debug|x64.ActiveCfg = Debug|x64
		{F86C99C8-4967-4584-9249-FB173EC6F84F}.Debug|x64.Build.0 = Debug|x64
		{F86C99C8-4967-4584-9249-FB173EC6F84F}.Debug|x86.ActiveCfg = Debug|Win32
		{F86C99C8-4967-4584-9249-FB173EC6F84F}.Debug|x86.Build.0 = Debug|Win32
		{F86C99C8-4967-4584-9249-FB173EC6F84F}.Release|Any CPU.ActiveCfg = Release|x64
		{F86C99C8-4967-4584-9249-FB173EC6F84F}.Release|Any CPU.Build.0 = Release|x64
		{F86C99C8-4967-4584-9249-FB173EC6F84F}.Release|x64.ActiveCfg = Release|x64
		{F86C99C8-4967-4584-9249-FB173EC6F84F}.Release|x64.Build.0 = Release|x64
		{F86C99C8-4967-4584-9249-FB173EC6F84F}.Release|x86.ActiveCfg = Release|Win32
		{F86C99C8-4967-4584-9249-FB173EC6F84F}.Release|x86.Build.0 = Release|Win32
		{EBE67F20-8701-4E9E-8611-FDDB566A9582}.Debug|Any CPU.ActiveCfg = Debug|x64
		{EBE67F20-8701-4E9E-8611-FDDB566A9582}.Debug|Any CPU.Build.0 = Debug|x64
		{EBE67F20-8701-4E9E-8611-FDDB566A9582}.Debug|x64.ActiveCfg = Debug|x64
		{EBE67F20-8701-4E9E-8611-FDDB566A9582}.Debug|x64.Build.0 = Debug|x64
		{EBE67F20-8701-4E9E-8611-FDDB566A9582}.Debug|x86.ActiveCfg = Debug|Win32
		{EBE67F20-8701-4E9E-8611-FDDB566A9582}.Debug|x86.Build.0 = Debug|Win32
		{EBE67F20-8701-4E9E-8611-FDDB566A9582}.Release|Any CPU.ActiveCfg = Release|x64
		{EBE67F20-8701-4E9E-8611-FDDB566A9582}.Release|Any CPU.Build.0 = Release|x64
		{EBE67F20-8701-4E9E-8611-FDDB566A9582}.Release|x64.ActiveCfg = Release|x64
		{EBE67F20-8701-4E9E-8611-FDDB566A9582}.Release|x64.Build.0 = Release|x64
		{EBE67F20-8701-4E9E-8611-FDDB566A9582}.Release|x86.ActiveCfg = Release|Win32
		{EBE67F20-8701-4E9E-8611-FDDB566A9582}.Release|x86.Build.0 = Release|Win32
		{6DD49D46-BCD9-428F-9715-705EE646B7D8}.Debug|Any CPU.ActiveCfg = Debug|x64
		{6DD49D46-BCD9-428F-9715-705EE646B7D8}.Debug|Any CPU.Build.0 = Debug|x64
		{6DD49D46-BCD9-428F-9715-705EE646B7D8}.Debug|x64.ActiveCfg = Debug|x64
		{6DD49D46-BCD9-428F-9715-705EE646B7D8}.Debug|x64.Build.0 = Debug|x64
		{6DD49D46-BCD9-428F-9715-705EE646B7D8}.Debug|x86.ActiveCfg = Debug|Win32
		{6DD49D46-BCD9-428F-9715-705EE646B7D8}.Debug|x86.Build.0 = Debug|Win32
		{6DD49D46-BCD9-428F-9715-705EE646B7D8}.Release|Any CPU.ActiveCfg = Release|x64
		{6DD49D46-BCD9-428F-9715-705EE646B7D8}.Release|Any CPU.Build.0 = Release|x64
		{6DD49D46-BCD9-428F-9715-705EE646B7D8}.Release|x64.ActiveCfg = Release|x64
		{6DD49D46-BCD9-428F-9715-705EE646B7D8}.Release|x64.Build.0 = Release|x64
		{6DD49D46-BCD9-428F-9715-705EE646B7D8}.Release|x86.ActiveCfg = Release|Win32
		{6DD49D46-BCD9-428F-9715-705EE646B7D8}.Release|x86.Build.0 = Release|Win32
		{8038790B-0345-4701-8489-283CC90F12AA}.Debug|Any CPU.ActiveCfg = Debug|x64
		{8038790B-0345-4701-8489-283CC90F12AA}.Debug|Any CPU.Build.0 = Debug|x64
		{8038790B-0345-4701-8489-283CC90F12AA}.Debug|x64.ActiveCfg = Debug|x64
		{8038790B-0345-4701-8489-283CC90F12AA}.Debug|x64.Build.0 = Debug|x64
		{8038790B-0345-4701-8489-283CC90F12AA}.Debug|x86.ActiveCfg = Debug|Win32
		{8038790B-0345-4701-8489-283CC90F12AA}.Debug|x86.Build.0 = Debug|Win32
		{8038790B-0345-4701-8489-283CC90F12AA}.Release|Any CPU.ActiveCfg = Release|x64
		{8038790B-0345-4701-8489-283CC90F12AA}.Release|Any CPU.Build.0 = Release|x64
		{8038790B-0345-4701-8489-283CC90F12AA}.Release|x64.ActiveCfg = Release|x64
		{8038790B-0345-4701-8489-283CC90F12AA}.Release|x64.Build.0 = Release|x64
		{8038790B-0345-4701-8489-283CC90F12AA}.Release|x86.ActiveCfg = Release|Win32
		{8038790B-0345-4701-8489-283CC90F12AA}.Release|x86.Build.0 = Release|Win32
		{BE03D7C9-02C0-4833-A6BF-67D3AE2C3F69}.Debug|Any CPU.ActiveCfg = Debug|x64
		{BE03D7C9-02C0-4833-A6BF-67D3AE2C3F69}.Debug|Any CPU.Build.0 = Debug|x64
		{BE03D7C9-02C0-4833-A6BF-67D3AE2C3F69}.Debug|x64.ActiveCfg = Debug|x64
		{BE03D7C9-02C0-4833-A6BF-67D3AE2C3F69}.Debug|x64.Build.0 = Debug|x64
		{BE03D7C9-02C0-4833-A6BF-67D3AE2C3F69}.Debug|x86.ActiveCfg = Debug|Win32
		{BE03D7C9-02C0-4833-A6BF-67D3AE2C3F69}.Debug|x86.Build.0 = Debug|Win32
		{BE03D7C9-02C0-4833-A6BF-67D3AE2C3F69}.Release|Any CPU.ActiveCfg = Release|x64
		{BE03D7C9-02C0-4833-A6BF-67D3AE2C3F69}.Release|Any CPU.Build.0 = Release|x64
		{BE03D7C9-02C0-4833-A6BF-67D3AE2C3F69}.Release|x64.ActiveCfg = Release|x64
		{BE03D7C9-02C0-4833-A6BF-67D3AE2C3F69}.Release|x64.Build.0 = Release|x64
		{BE03D7C9-02C0-4833-A6BF-67D3AE2C3F69}.Release|x86.ActiveCfg = Release|Win32
		{BE03D7C9-02C0-4833-A6BF-67D3AE2C3F69}.Release|x86.Build.0 = Release|Win32
		{79135AE9-2785-4D46-B792-B731755BCA6F}.Debug|Any CPU.ActiveCfg = Debug|x64
		{79135AE9-2785-4D46-B792-B731755BCA6F}.Debug|Any CPU.Build.0 = Debug|x64
		{79135AE9-2785-4D46-B792-B731755BCA6F}.Debug|x64.ActiveCfg = Debug|x64
		{79135AE9-2785-4D46-B792-B731755BCA6F}.Debug|x64.Build.0 = Debug|x64
		{79135AE9-2785-4D46-B792-B731755BCA6F}.Debug|x86.ActiveCfg = Debug|Win32
		{79135AE9-2785-4D46-B792-B731755BCA6F}.Debug|x86.Build.0 = Debug|Win32
		{79135AE9-2785-4D46-B792-B731755BCA6F}.Release|Any CPU.ActiveCfg = Release|x64
		{79135AE9-2785-4D46-B792-B731755BCA6F}.Release|Any CPU.Build.0 = Release|x64
		{79135AE9-2785-4D46-B792-B731755BCA6F}.Release|x64.ActiveCfg = Release|x64
		{79135AE9-2785-4D46-B792-B731755BCA6F}.Release|x64.Build.0 = Release|x64
		{79135AE9-2785-4D46-B792-B731755BCA6F}.Release|x86.ActiveCfg = Release|Win32
		{79135AE9-2785-4D46-B792-B731755BCA6F}.Release|x86.Build.0 = Release|Win32
	EndGlobalSection
	GlobalSection(SolutionProperties) = preSolution
		HideSolutionNode = FALSE
	EndGlobalSection
	GlobalSection(NestedProjects) = preSolution
		{8320D0C0-3C89-4018-B08C-27B4C27D3DFD} = {0B6CC547-54AA-4198-80FC-7159616C00D3}
		{E8BAF138-D2FD-4A34-AEAD-CEAA5B673064} = {0B6CC547-54AA-4198-80FC-7159616C00D3}
		{AB0CD4FF-C3FD-4349-9CF3-35F113717E94} = {0B6CC547-54AA-4198-80FC-7159616C00D3}
		{2BABAAF4-A4A3-4948-857A-97D814A9DA17} = {0B6CC547-54AA-4198-80FC-7159616C00D3}
		{535BDD93-51AE-487B-9DE4-D614AF311D1E} = {0B6CC547-54AA-4198-80FC-7159616C00D3}
		{0EAF15DB-7F9E-4882-A2E6-589205541237} = {0B6CC547-54AA-4198-80FC-7159616C00D3}
		{CBA74EF5-257D-48B0-A442-AEF9C1FB4C7A} = {0B6CC547-54AA-4198-80FC-7159616C00D3}
		{F86C99C8-4967-4584-9249-FB173EC6F84F} = {0B6CC547-54AA-4198-80FC-7159616C00D3}
		{EBE67F20-8701-4E9E-8611-FDDB566A9582} = {0B6CC547-54AA-4198-80FC-7159616C00D3}
		{6DD49D46-BCD9-428F-9715-705EE646B7D8} = {0259D651-0BD4-4E34-A742-093346456EA7}
		{8038790B-0345-4701-8489-283CC90F12AA} = {6C477B82-F5C2-448C-AFFC-3B0CB487976F}
		{BE03D7C9-02C0-4833-A6BF-67D3AE2C3F69} = {0259D651-0BD4-4E34-A742-093346456EA7}
		{79135AE9-2785-4D46-B792-B731755BCA6F} = {0B6CC547-54AA-4198-80FC-7159616C00D3}
	EndGlobalSection
	GlobalSection(ExtensibilityGlobals) = postSolution
		SolutionGuid = {F4743CC5-051D-4E3D-9F00-220249A2222C}
	EndGlobalSection
EndGlobal
